
Microsoft Visual Studio Solution File, Format Version 12.00
# Visual Studio Version 17
VisualStudioVersion = 17.4.33027.239
MinimumVisualStudioVersion = 10.0.40219.1
Project("{2150E333-8FDC-42A3-9474-1A3956D46DE8}") = "src", "src", "{CE7F3C6C-F99A-4B43-8CFD-95F38E217610}"
EndProject
Project("{2150E333-8FDC-42A3-9474-1A3956D46DE8}") = "corePackages", "corePackages", "{73C4F706-E22E-4B7F-9D5B-B3E0B25B95B2}"
EndProject
Project("{2150E333-8FDC-42A3-9474-1A3956D46DE8}") = "projects", "projects", "{CD6F7A17-1B0A-435D-AED2-13DEFB9FDE80}"
EndProject
Project("{2150E333-8FDC-42A3-9474-1A3956D46DE8}") = "Ornek1", "Ornek1", "{884EA633-2F89-459C-BEA9-0A88CC006422}"
EndProject
Project("{9A19103F-16F7-4668-BE54-9A1E7A4F7556}") = "Ornek1.Client", "src\projects\Ornek1\Client\Ornek1.Client.csproj", "{9A8DD133-4DD7-4986-AAB0-44E2E197AF03}"
EndProject
Project("{9A19103F-16F7-4668-BE54-9A1E7A4F7556}") = "Ornek1.Server", "src\projects\Ornek1\Server\Ornek1.Server.csproj", "{27641F98-AC27-4531-80FE-8CE0E413FFCF}"
EndProject
Project("{9A19103F-16F7-4668-BE54-9A1E7A4F7556}") = "Ornek1.Shared", "src\projects\Ornek1\Shared\Ornek1.Shared.csproj", "{E4421B79-8990-442D-A5B5-21903FB39803}"
EndProject
Project("{9A19103F-16F7-4668-BE54-9A1E7A4F7556}") = "Core.Application", "src\corePackages\Core.Application\Core.Application.csproj", "{8C5DF06F-91AC-4FB8-BC9A-B44CF1E02D66}"
EndProject
Project("{FAE04EC0-301F-11D3-BF4B-00C04F79EFBC}") = "Core.Security", "src\corePackages\Core.Security\Core.Security.csproj", "{8CCAD3AC-0B29-4C97-9BCD-79E4AF0670A2}"
EndProject
Project("{FAE04EC0-301F-11D3-BF4B-00C04F79EFBC}") = "Core.CrossCuttingConcers", "src\corePackages\Core.CrossCuttingConcers\Core.CrossCuttingConcers.csproj", "{3696E432-2757-4245-8D9A-680CA1988D28}"
EndProject
Project("{FAE04EC0-301F-11D3-BF4B-00C04F79EFBC}") = "Core.ElasticSearch", "src\corePackages\Core.ElasticSearch\Core.ElasticSearch.csproj", "{62A71C1F-F7EC-4A73-BD57-91D7A74C959F}"
EndProject
Project("{FAE04EC0-301F-11D3-BF4B-00C04F79EFBC}") = "Core.Mailing", "src\corePackages\Core.Mailing\Core.Mailing.csproj", "{BB090381-13A2-444F-82DD-4D82CD412A39}"
EndProject
Project("{FAE04EC0-301F-11D3-BF4B-00C04F79EFBC}") = "Core.Persistence", "src\corePackages\Core.Persistence\Core.Persistence.csproj", "{9B175977-FB06-4C49-B79B-5C74E2B7AD6C}"
EndProject
Project("{FAE04EC0-301F-11D3-BF4B-00C04F79EFBC}") = "Ornek1.Domain", "src\projects\Ornek1\Ornek1.Domain\Ornek1.Domain.csproj", "{AE4FC781-0B32-4936-B7E0-E0988CAE5ACD}"
EndProject
Project("{FAE04EC0-301F-11D3-BF4B-00C04F79EFBC}") = "Ornek1.Infrastructure", "src\projects\Ornek1\Ornek1.Infrastructure\Ornek1.Infrastructure.csproj", "{999F0E28-F40E-42C0-8BE1-D68417B355A3}"
EndProject
Project("{FAE04EC0-301F-11D3-BF4B-00C04F79EFBC}") = "Ornek1.Persistence", "src\projects\Ornek1\Ornek1.Persistence\Ornek1.Persistence.csproj", "{0A43E6BD-6BE6-437F-B1A2-6E6DA45DB822}"
EndProject
Project("{9A19103F-16F7-4668-BE54-9A1E7A4F7556}") = "Ornek1.Application", "src\projects\Ornek1\Ornek1.Application\Ornek1.Application.csproj", "{5890B376-02AB-4912-A938-A1D8E51C86AB}"
EndProject
Global
	GlobalSection(SolutionConfigurationPlatforms) = preSolution
		Debug|Any CPU = Debug|Any CPU
		Release|Any CPU = Release|Any CPU
	EndGlobalSection
	GlobalSection(ProjectConfigurationPlatforms) = postSolution
		{9A8DD133-4DD7-4986-AAB0-44E2E197AF03}.Debug|Any CPU.ActiveCfg = Debug|Any CPU
		{9A8DD133-4DD7-4986-AAB0-44E2E197AF03}.Debug|Any CPU.Build.0 = Debug|Any CPU
		{9A8DD133-4DD7-4986-AAB0-44E2E197AF03}.Release|Any CPU.ActiveCfg = Release|Any CPU
		{9A8DD133-4DD7-4986-AAB0-44E2E197AF03}.Release|Any CPU.Build.0 = Release|Any CPU
		{27641F98-AC27-4531-80FE-8CE0E413FFCF}.Debug|Any CPU.ActiveCfg = Debug|Any CPU
		{27641F98-AC27-4531-80FE-8CE0E413FFCF}.Debug|Any CPU.Build.0 = Debug|Any CPU
		{27641F98-AC27-4531-80FE-8CE0E413FFCF}.Release|Any CPU.ActiveCfg = Release|Any CPU
		{27641F98-AC27-4531-80FE-8CE0E413FFCF}.Release|Any CPU.Build.0 = Release|Any CPU
		{E4421B79-8990-442D-A5B5-21903FB39803}.Debug|Any CPU.ActiveCfg = Debug|Any CPU
		{E4421B79-8990-442D-A5B5-21903FB39803}.Debug|Any CPU.Build.0 = Debug|Any CPU
		{E4421B79-8990-442D-A5B5-21903FB39803}.Release|Any CPU.ActiveCfg = Release|Any CPU
		{E4421B79-8990-442D-A5B5-21903FB39803}.Release|Any CPU.Build.0 = Release|Any CPU
		{8C5DF06F-91AC-4FB8-BC9A-B44CF1E02D66}.Debug|Any CPU.ActiveCfg = Debug|Any CPU
		{8C5DF06F-91AC-4FB8-BC9A-B44CF1E02D66}.Debug|Any CPU.Build.0 = Debug|Any CPU
		{8C5DF06F-91AC-4FB8-BC9A-B44CF1E02D66}.Release|Any CPU.ActiveCfg = Release|Any CPU
		{8C5DF06F-91AC-4FB8-BC9A-B44CF1E02D66}.Release|Any CPU.Build.0 = Release|Any CPU
		{8CCAD3AC-0B29-4C97-9BCD-79E4AF0670A2}.Debug|Any CPU.ActiveCfg = Debug|Any CPU
		{8CCAD3AC-0B29-4C97-9BCD-79E4AF0670A2}.Debug|Any CPU.Build.0 = Debug|Any CPU
		{8CCAD3AC-0B29-4C97-9BCD-79E4AF0670A2}.Release|Any CPU.ActiveCfg = Release|Any CPU
		{8CCAD3AC-0B29-4C97-9BCD-79E4AF0670A2}.Release|Any CPU.Build.0 = Release|Any CPU
		{3696E432-2757-4245-8D9A-680CA1988D28}.Debug|Any CPU.ActiveCfg = Debug|Any CPU
		{3696E432-2757-4245-8D9A-680CA1988D28}.Debug|Any CPU.Build.0 = Debug|Any CPU
		{3696E432-2757-4245-8D9A-680CA1988D28}.Release|Any CPU.ActiveCfg = Release|Any CPU
		{3696E432-2757-4245-8D9A-680CA1988D28}.Release|Any CPU.Build.0 = Release|Any CPU
		{62A71C1F-F7EC-4A73-BD57-91D7A74C959F}.Debug|Any CPU.ActiveCfg = Debug|Any CPU
		{62A71C1F-F7EC-4A73-BD57-91D7A74C959F}.Debug|Any CPU.Build.0 = Debug|Any CPU
		{62A71C1F-F7EC-4A73-BD57-91D7A74C959F}.Release|Any CPU.ActiveCfg = Release|Any CPU
		{62A71C1F-F7EC-4A73-BD57-91D7A74C959F}.Release|Any CPU.Build.0 = Release|Any CPU
		{BB090381-13A2-444F-82DD-4D82CD412A39}.Debug|Any CPU.ActiveCfg = Debug|Any CPU
		{BB090381-13A2-444F-82DD-4D82CD412A39}.Debug|Any CPU.Build.0 = Debug|Any CPU
		{BB090381-13A2-444F-82DD-4D82CD412A39}.Release|Any CPU.ActiveCfg = Release|Any CPU
		{BB090381-13A2-444F-82DD-4D82CD412A39}.Release|Any CPU.Build.0 = Release|Any CPU
		{9B175977-FB06-4C49-B79B-5C74E2B7AD6C}.Debug|Any CPU.ActiveCfg = Debug|Any CPU
		{9B175977-FB06-4C49-B79B-5C74E2B7AD6C}.Debug|Any CPU.Build.0 = Debug|Any CPU
		{9B175977-FB06-4C49-B79B-5C74E2B7AD6C}.Release|Any CPU.ActiveCfg = Release|Any CPU
		{9B175977-FB06-4C49-B79B-5C74E2B7AD6C}.Release|Any CPU.Build.0 = Release|Any CPU
		{AE4FC781-0B32-4936-B7E0-E0988CAE5ACD}.Debug|Any CPU.ActiveCfg = Debug|Any CPU
		{AE4FC781-0B32-4936-B7E0-E0988CAE5ACD}.Debug|Any CPU.Build.0 = Debug|Any CPU
		{AE4FC781-0B32-4936-B7E0-E0988CAE5ACD}.Release|Any CPU.ActiveCfg = Release|Any CPU
		{AE4FC781-0B32-4936-B7E0-E0988CAE5ACD}.Release|Any CPU.Build.0 = Release|Any CPU
		{999F0E28-F40E-42C0-8BE1-D68417B355A3}.Debug|Any CPU.ActiveCfg = Debug|Any CPU
		{999F0E28-F40E-42C0-8BE1-D68417B355A3}.Debug|Any CPU.Build.0 = Debug|Any CPU
		{999F0E28-F40E-42C0-8BE1-D68417B355A3}.Release|Any CPU.ActiveCfg = Release|Any CPU
		{999F0E28-F40E-42C0-8BE1-D68417B355A3}.Release|Any CPU.Build.0 = Release|Any CPU
		{0A43E6BD-6BE6-437F-B1A2-6E6DA45DB822}.Debug|Any CPU.ActiveCfg = Debug|Any CPU
		{0A43E6BD-6BE6-437F-B1A2-6E6DA45DB822}.Debug|Any CPU.Build.0 = Debug|Any CPU
		{0A43E6BD-6BE6-437F-B1A2-6E6DA45DB822}.Release|Any CPU.ActiveCfg = Release|Any CPU
		{0A43E6BD-6BE6-437F-B1A2-6E6DA45DB822}.Release|Any CPU.Build.0 = Release|Any CPU
		{5890B376-02AB-4912-A938-A1D8E51C86AB}.Debug|Any CPU.ActiveCfg = Debug|Any CPU
		{5890B376-02AB-4912-A938-A1D8E51C86AB}.Debug|Any CPU.Build.0 = Debug|Any CPU
		{5890B376-02AB-4912-A938-A1D8E51C86AB}.Release|Any CPU.ActiveCfg = Release|Any CPU
		{5890B376-02AB-4912-A938-A1D8E51C86AB}.Release|Any CPU.Build.0 = Release|Any CPU
	EndGlobalSection
	GlobalSection(SolutionProperties) = preSolution
		HideSolutionNode = FALSE
	EndGlobalSection
	GlobalSection(NestedProjects) = preSolution
		{73C4F706-E22E-4B7F-9D5B-B3E0B25B95B2} = {CE7F3C6C-F99A-4B43-8CFD-95F38E217610}
		{CD6F7A17-1B0A-435D-AED2-13DEFB9FDE80} = {CE7F3C6C-F99A-4B43-8CFD-95F38E217610}
		{884EA633-2F89-459C-BEA9-0A88CC006422} = {CD6F7A17-1B0A-435D-AED2-13DEFB9FDE80}
		{9A8DD133-4DD7-4986-AAB0-44E2E197AF03} = {884EA633-2F89-459C-BEA9-0A88CC006422}
		{27641F98-AC27-4531-80FE-8CE0E413FFCF} = {884EA633-2F89-459C-BEA9-0A88CC006422}
		{E4421B79-8990-442D-A5B5-21903FB39803} = {884EA633-2F89-459C-BEA9-0A88CC006422}
		{8C5DF06F-91AC-4FB8-BC9A-B44CF1E02D66} = {73C4F706-E22E-4B7F-9D5B-B3E0B25B95B2}
		{8CCAD3AC-0B29-4C97-9BCD-79E4AF0670A2} = {73C4F706-E22E-4B7F-9D5B-B3E0B25B95B2}
		{3696E432-2757-4245-8D9A-680CA1988D28} = {73C4F706-E22E-4B7F-9D5B-B3E0B25B95B2}
		{62A71C1F-F7EC-4A73-BD57-91D7A74C959F} = {73C4F706-E22E-4B7F-9D5B-B3E0B25B95B2}
		{BB090381-13A2-444F-82DD-4D82CD412A39} = {73C4F706-E22E-4B7F-9D5B-B3E0B25B95B2}
		{9B175977-FB06-4C49-B79B-5C74E2B7AD6C} = {73C4F706-E22E-4B7F-9D5B-B3E0B25B95B2}
		{AE4FC781-0B32-4936-B7E0-E0988CAE5ACD} = {884EA633-2F89-459C-BEA9-0A88CC006422}
		{999F0E28-F40E-42C0-8BE1-D68417B355A3} = {884EA633-2F89-459C-BEA9-0A88CC006422}
		{0A43E6BD-6BE6-437F-B1A2-6E6DA45DB822} = {884EA633-2F89-459C-BEA9-0A88CC006422}
		{5890B376-02AB-4912-A938-A1D8E51C86AB} = {884EA633-2F89-459C-BEA9-0A88CC006422}
	EndGlobalSection
	GlobalSection(ExtensibilityGlobals) = postSolution
		SolutionGuid = {C524A0D3-D27A-450D-9BCB-6A02855746FD}
	EndGlobalSection
EndGlobal
